
Microsoft Visual Studio Solution File, Format Version 12.00
# Visual Studio Version 17
VisualStudioVersion = 17.11.35303.130
MinimumVisualStudioVersion = 10.0.40219.1
Project("{FAE04EC0-301F-11D3-BF4B-00C04F79EFBC}") = "Assignment4_1", "Assignment4_1.csproj", "{EE766D0D-8706-44B9-8BA5-BCEE44172D82}"
EndProject
Global
	GlobalSection(SolutionConfigurationPlatforms) = preSolution
		Debug|Any CPU = Debug|Any CPU
		Release|Any CPU = Release|Any CPU
	EndGlobalSection
	GlobalSection(ProjectConfigurationPlatforms) = postSolution
		{EE766D0D-8706-44B9-8BA5-BCEE44172D82}.Debug|Any CPU.ActiveCfg = Debug|Any CPU
		{EE766D0D-8706-44B9-8BA5-BCEE44172D82}.Debug|Any CPU.Build.0 = Debug|Any CPU
		{EE766D0D-8706-44B9-8BA5-BCEE44172D82}.Release|Any CPU.ActiveCfg = Release|Any CPU
		{EE766D0D-8706-44B9-8BA5-BCEE44172D82}.Release|Any CPU.Build.0 = Release|Any CPU
	EndGlobalSection
	GlobalSection(SolutionProperties) = preSolution
		HideSolutionNode = FALSE
	EndGlobalSection
	GlobalSection(ExtensibilityGlobals) = postSolution
		SolutionGuid = {8BCE0054-3438-4E25-9177-66026085C874}
	EndGlobalSection
EndGlobal
